
Microsoft Visual Studio Solution File, Format Version 12.00
# Visual Studio Version 16
VisualStudioVersion = 16.0.29009.5
MinimumVisualStudioVersion = 10.0.40219.1
Project("{8BC9CEB8-8B4A-11D0-8D11-00A0C91BC942}") = "ForegoneSolution", "ForegoneSolution.vcxproj", "{D61D891C-842C-4A2D-995A-013B3A009733}"
EndProject
Project("{8BC9CEB8-8B4A-11D0-8D11-00A0C91BC942}") = "YouCanGoYourOwnWay", "YouCanGoYourOwnWay\YouCanGoYourOwnWay.vcxproj", "{A652BC4A-DC9A-41A6-8130-79AA753D20FC}"
EndProject
Project("{8BC9CEB8-8B4A-11D0-8D11-00A0C91BC942}") = "Cryptopangrams", "Cryptopangrams\Cryptopangrams.vcxproj", "{460A0892-B9A3-4334-8CEE-A03D3D632BB1}"
EndProject
Project("{FAE04EC0-301F-11D3-BF4B-00C04F79EFBC}") = "CryptopangramsGen", "CryptopangramsGen\CryptopangramsGen.csproj", "{E31F2987-CADD-47DB-BC12-5D1B20BE82DC}"
EndProject
Global
	GlobalSection(SolutionConfigurationPlatforms) = preSolution
		Debug|Any CPU = Debug|Any CPU
		Debug|x64 = Debug|x64
		Debug|x86 = Debug|x86
		Release|Any CPU = Release|Any CPU
		Release|x64 = Release|x64
		Release|x86 = Release|x86
	EndGlobalSection
	GlobalSection(ProjectConfigurationPlatforms) = postSolution
		{D61D891C-842C-4A2D-995A-013B3A009733}.Debug|Any CPU.ActiveCfg = Debug|Win32
		{D61D891C-842C-4A2D-995A-013B3A009733}.Debug|x64.ActiveCfg = Debug|x64
		{D61D891C-842C-4A2D-995A-013B3A009733}.Debug|x64.Build.0 = Debug|x64
		{D61D891C-842C-4A2D-995A-013B3A009733}.Debug|x86.ActiveCfg = Debug|Win32
		{D61D891C-842C-4A2D-995A-013B3A009733}.Debug|x86.Build.0 = Debug|Win32
		{D61D891C-842C-4A2D-995A-013B3A009733}.Release|Any CPU.ActiveCfg = Release|Win32
		{D61D891C-842C-4A2D-995A-013B3A009733}.Release|x64.ActiveCfg = Release|x64
		{D61D891C-842C-4A2D-995A-013B3A009733}.Release|x64.Build.0 = Release|x64
		{D61D891C-842C-4A2D-995A-013B3A009733}.Release|x86.ActiveCfg = Release|Win32
		{D61D891C-842C-4A2D-995A-013B3A009733}.Release|x86.Build.0 = Release|Win32
		{A652BC4A-DC9A-41A6-8130-79AA753D20FC}.Debug|Any CPU.ActiveCfg = Debug|Win32
		{A652BC4A-DC9A-41A6-8130-79AA753D20FC}.Debug|x64.ActiveCfg = Debug|x64
		{A652BC4A-DC9A-41A6-8130-79AA753D20FC}.Debug|x64.Build.0 = Debug|x64
		{A652BC4A-DC9A-41A6-8130-79AA753D20FC}.Debug|x86.ActiveCfg = Debug|Win32
		{A652BC4A-DC9A-41A6-8130-79AA753D20FC}.Debug|x86.Build.0 = Debug|Win32
		{A652BC4A-DC9A-41A6-8130-79AA753D20FC}.Release|Any CPU.ActiveCfg = Release|Win32
		{A652BC4A-DC9A-41A6-8130-79AA753D20FC}.Release|x64.ActiveCfg = Release|x64
		{A652BC4A-DC9A-41A6-8130-79AA753D20FC}.Release|x64.Build.0 = Release|x64
		{A652BC4A-DC9A-41A6-8130-79AA753D20FC}.Release|x86.ActiveCfg = Release|Win32
		{A652BC4A-DC9A-41A6-8130-79AA753D20FC}.Release|x86.Build.0 = Release|Win32
		{460A0892-B9A3-4334-8CEE-A03D3D632BB1}.Debug|Any CPU.ActiveCfg = Debug|Win32
		{460A0892-B9A3-4334-8CEE-A03D3D632BB1}.Debug|x64.ActiveCfg = Debug|x64
		{460A0892-B9A3-4334-8CEE-A03D3D632BB1}.Debug|x64.Build.0 = Debug|x64
		{460A0892-B9A3-4334-8CEE-A03D3D632BB1}.Debug|x86.ActiveCfg = Debug|Win32
		{460A0892-B9A3-4334-8CEE-A03D3D632BB1}.Debug|x86.Build.0 = Debug|Win32
		{460A0892-B9A3-4334-8CEE-A03D3D632BB1}.Release|Any CPU.ActiveCfg = Release|Win32
		{460A0892-B9A3-4334-8CEE-A03D3D632BB1}.Release|x64.ActiveCfg = Release|x64
		{460A0892-B9A3-4334-8CEE-A03D3D632BB1}.Release|x64.Build.0 = Release|x64
		{460A0892-B9A3-4334-8CEE-A03D3D632BB1}.Release|x86.ActiveCfg = Release|Win32
		{460A0892-B9A3-4334-8CEE-A03D3D632BB1}.Release|x86.Build.0 = Release|Win32
		{E31F2987-CADD-47DB-BC12-5D1B20BE82DC}.Debug|Any CPU.ActiveCfg = Debug|Any CPU
		{E31F2987-CADD-47DB-BC12-5D1B20BE82DC}.Debug|Any CPU.Build.0 = Debug|Any CPU
		{E31F2987-CADD-47DB-BC12-5D1B20BE82DC}.Debug|x64.ActiveCfg = Debug|Any CPU
		{E31F2987-CADD-47DB-BC12-5D1B20BE82DC}.Debug|x64.Build.0 = Debug|Any CPU
		{E31F2987-CADD-47DB-BC12-5D1B20BE82DC}.Debug|x86.ActiveCfg = Debug|Any CPU
		{E31F2987-CADD-47DB-BC12-5D1B20BE82DC}.Debug|x86.Build.0 = Debug|Any CPU
		{E31F2987-CADD-47DB-BC12-5D1B20BE82DC}.Release|Any CPU.ActiveCfg = Release|Any CPU
		{E31F2987-CADD-47DB-BC12-5D1B20BE82DC}.Release|Any CPU.Build.0 = Release|Any CPU
		{E31F2987-CADD-47DB-BC12-5D1B20BE82DC}.Release|x64.ActiveCfg = Release|Any CPU
		{E31F2987-CADD-47DB-BC12-5D1B20BE82DC}.Release|x64.Build.0 = Release|Any CPU
		{E31F2987-CADD-47DB-BC12-5D1B20BE82DC}.Release|x86.ActiveCfg = Release|Any CPU
		{E31F2987-CADD-47DB-BC12-5D1B20BE82DC}.Release|x86.Build.0 = Release|Any CPU
	EndGlobalSection
	GlobalSection(SolutionProperties) = preSolution
		HideSolutionNode = FALSE
	EndGlobalSection
	GlobalSection(ExtensibilityGlobals) = postSolution
		SolutionGuid = {4575FA5B-CFCA-460B-869F-6D169C307F44}
	EndGlobalSection
EndGlobal
